
Microsoft Visual Studio Solution File, Format Version 12.00
# Visual Studio 15
VisualStudioVersion = 15.0.28307.136
MinimumVisualStudioVersion = 10.0.40219.1
Project("{FAE04EC0-301F-11D3-BF4B-00C04F79EFBC}") = "mvc-webpack-example", "mvc-webpack-example\mvc-webpack-example.csproj", "{3889C920-3634-4FF9-A862-A662585E6807}"
EndProject
Global
	GlobalSection(SolutionConfigurationPlatforms) = preSolution
		Debug|Any CPU = Debug|Any CPU
		Release|Any CPU = Release|Any CPU
	EndGlobalSection
	GlobalSection(ProjectConfigurationPlatforms) = postSolution
		{3889C920-3634-4FF9-A862-A662585E6807}.Debug|Any CPU.ActiveCfg = Debug|Any CPU
		{3889C920-3634-4FF9-A862-A662585E6807}.Debug|Any CPU.Build.0 = Debug|Any CPU
		{3889C920-3634-4FF9-A862-A662585E6807}.Release|Any CPU.ActiveCfg = Release|Any CPU
		{3889C920-3634-4FF9-A862-A662585E6807}.Release|Any CPU.Build.0 = Release|Any CPU
	EndGlobalSection
	GlobalSection(SolutionProperties) = preSolution
		HideSolutionNode = FALSE
	EndGlobalSection
	GlobalSection(ExtensibilityGlobals) = postSolution
		SolutionGuid = {D607B23F-E0B5-40C9-A242-0A1D7C6E49D6}
	EndGlobalSection
EndGlobal
